<?xml version="1.0" encoding="utf-8"?>
<Project ToolsVersion="4.0" xmlns="http://schemas.microsoft.com/developer/msbuild/2003">
  <ItemGroup>
    <Filter Include="리소스 파일">
      <UniqueIdentifier>{67DA6AB6-F800-4c08-8B7A-83BB121AAD01}</UniqueIdentifier>
      <Extensions>rc;ico;cur;bmp;dlg;rc2;rct;bin;rgs;gif;jpg;jpeg;jpe;resx;tiff;tif;png;wav;mfcribbon-ms</Extensions>
    </Filter>
    <Filter Include="Engine">
      <UniqueIdentifier>{7c85c7fe-58fe-47dd-81f5-bbec10a4a07e}</UniqueIdentifier>
    </Filter>
    <Filter Include="main">
      <UniqueIdentifier>{7c792f2f-adc6-4cb3-9676-f3892c853547}</UniqueIdentifier>
    </Filter>
    <Filter Include="Contents">
      <UniqueIdentifier>{fc88f033-5d28-4def-8c64-8a6149651c0e}</UniqueIdentifier>
    </Filter>
    <Filter Include="Engine\Common">
      <UniqueIdentifier>{5d458291-857a-4b2f-b5e4-506faa68a933}</UniqueIdentifier>
    </Filter>
    <Filter Include="Engine\GameObject">
      <UniqueIdentifier>{1e81b545-67b3-4895-89dd-7caf25f0040d}</UniqueIdentifier>
    </Filter>
    <Filter Include="Engine\HighLevelInterface">
      <UniqueIdentifier>{d888b854-fed0-4206-a5e4-92c97b264e5d}</UniqueIdentifier>
    </Filter>
    <Filter Include="Contents\Player">
      <UniqueIdentifier>{991b455d-5f1b-463e-9fbc-77685bb355c0}</UniqueIdentifier>
    </Filter>
    <Filter Include="Engine\Layer">
      <UniqueIdentifier>{21fe0726-e519-47c5-b455-e71de3eb6714}</UniqueIdentifier>
    </Filter>
    <Filter Include="Engine\Component">
      <UniqueIdentifier>{3b62eab8-e386-4ef3-9511-e87c77ad219f}</UniqueIdentifier>
    </Filter>
    <Filter Include="Engine\Scene">
      <UniqueIdentifier>{ba512bd3-ba52-4fbe-8e10-a512d660f811}</UniqueIdentifier>
    </Filter>
    <Filter Include="Contents\Scene">
      <UniqueIdentifier>{e431d8c4-b240-40b1-a5ab-c1978247f3ec}</UniqueIdentifier>
    </Filter>
    <Filter Include="Engine\Input">
      <UniqueIdentifier>{636e9d90-f4f5-4d12-8889-9520cf23971e}</UniqueIdentifier>
    </Filter>
    <Filter Include="Engine\Time">
      <UniqueIdentifier>{f3a7c490-da33-486f-ac0f-9ed25e70f7b7}</UniqueIdentifier>
    </Filter>
    <Filter Include="Contents\Enemy">
      <UniqueIdentifier>{e50a42a4-ad1f-4a83-a178-cacc9d94d81a}</UniqueIdentifier>
    </Filter>
    <Filter Include="Engine\Resource">
      <UniqueIdentifier>{e1f79ee1-c042-405b-9473-6a8d6cdcf5e4}</UniqueIdentifier>
    </Filter>
    <Filter Include="Engine\Component\Colider">
      <UniqueIdentifier>{dabb66c1-c877-4294-9a43-fb10107114dd}</UniqueIdentifier>
    </Filter>
    <Filter Include="Contents\Bullet">
      <UniqueIdentifier>{c60f98c2-f947-4e36-8101-34e40b856362}</UniqueIdentifier>
    </Filter>
    <Filter Include="Contents\UI">
      <UniqueIdentifier>{1244c9e2-7645-420d-a69c-7c974601bd71}</UniqueIdentifier>
    </Filter>
    <Filter Include="Contents\UI\Title">
      <UniqueIdentifier>{839b2472-1aa6-446c-84fb-16b7ce38bbdd}</UniqueIdentifier>
    </Filter>
    <Filter Include="Contents\UI\Title\TitleCharacter">
      <UniqueIdentifier>{4c9d44ec-0d85-4cbc-a434-2787696c0015}</UniqueIdentifier>
    </Filter>
    <Filter Include="Engine\Camera">
      <UniqueIdentifier>{f8eedec1-2610-44b6-98c6-1d1797caa103}</UniqueIdentifier>
    </Filter>
    <Filter Include="Engine\Component\Anim">
      <UniqueIdentifier>{af07320a-dbf3-4dde-ab62-c39616a9983d}</UniqueIdentifier>
    </Filter>
    <Filter Include="Engine\Component\Transform">
      <UniqueIdentifier>{aba375cc-79db-441c-b851-efc1ae4ae789}</UniqueIdentifier>
    </Filter>
    <Filter Include="Engine\Component\SpriteRenderer">
      <UniqueIdentifier>{eddcf757-34da-4180-968b-e151acc60d32}</UniqueIdentifier>
    </Filter>
    <Filter Include="Engine\Component\Rigidbody">
      <UniqueIdentifier>{99260b7d-f31d-4f30-ba3d-77a16986bb6f}</UniqueIdentifier>
    </Filter>
    <Filter Include="Contents\Object">
      <UniqueIdentifier>{381e5b64-d80d-4770-bc57-e491d885d353}</UniqueIdentifier>
    </Filter>
  </ItemGroup>
  <ItemGroup>
    <ClInclude Include="Client.h">
      <Filter>main</Filter>
    </ClInclude>
    <ClInclude Include="framework.h">
      <Filter>main</Filter>
    </ClInclude>
    <ClInclude Include="Resource.h">
      <Filter>main</Filter>
    </ClInclude>
    <ClInclude Include="targetver.h">
      <Filter>main</Filter>
    </ClInclude>
    <ClInclude Include="CommonInclude.h">
      <Filter>Engine\Common</Filter>
    </ClInclude>
    <ClInclude Include="kwEngine.h">
      <Filter>Engine\Common</Filter>
    </ClInclude>
    <ClInclude Include="kwEnums.h">
      <Filter>Engine\Common</Filter>
    </ClInclude>
    <ClInclude Include="kwGameObject.h">
      <Filter>Engine\GameObject</Filter>
    </ClInclude>
    <ClInclude Include="kwLayer.h">
      <Filter>Engine\Layer</Filter>
    </ClInclude>
    <ClInclude Include="kwSceneManager.h">
      <Filter>Engine\Scene</Filter>
    </ClInclude>
    <ClInclude Include="kwEntity.h">
      <Filter>Engine\Common</Filter>
    </ClInclude>
    <ClInclude Include="kwMath.h">
      <Filter>Engine\Common</Filter>
    </ClInclude>
    <ClInclude Include="kwCuphead.h">
      <Filter>Contents\Player</Filter>
    </ClInclude>
    <ClInclude Include="kwApplication.h">
      <Filter>Engine\HighLevelInterface</Filter>
    </ClInclude>
    <ClInclude Include="kwComponent.h">
      <Filter>Engine\Component</Filter>
    </ClInclude>
    <ClInclude Include="kwScene.h">
      <Filter>Engine\Scene</Filter>
    </ClInclude>
    <ClInclude Include="kwPlayScene.h">
      <Filter>Contents\Scene</Filter>
    </ClInclude>
    <ClInclude Include="kwInput.h">
      <Filter>Engine\Input</Filter>
    </ClInclude>
    <ClInclude Include="kwTime.h">
      <Filter>Engine\Time</Filter>
    </ClInclude>
    <ClInclude Include="kwResource.h">
      <Filter>Engine\Resource</Filter>
    </ClInclude>
    <ClInclude Include="kwResources.h">
      <Filter>Engine\Resource</Filter>
    </ClInclude>
    <ClInclude Include="kwTitleScene.h">
      <Filter>Contents\Scene</Filter>
    </ClInclude>
    <ClInclude Include="kwSlime.h">
      <Filter>Contents\Enemy</Filter>
    </ClInclude>
    <ClInclude Include="kwEndingScene.h">
      <Filter>Contents\Scene</Filter>
    </ClInclude>
    <ClInclude Include="kwImage.h">
      <Filter>Engine\Resource</Filter>
    </ClInclude>
    <ClInclude Include="kwCollider.h">
      <Filter>Engine\Component\Colider</Filter>
    </ClInclude>
    <ClInclude Include="kwCollisionManager.h">
      <Filter>Engine\Component\Colider</Filter>
    </ClInclude>
    <ClInclude Include="kwBaseBullet.h">
      <Filter>Contents\Bullet</Filter>
    </ClInclude>
    <ClInclude Include="kwTitleCharacter.h">
      <Filter>Contents\UI\Title\TitleCharacter</Filter>
    </ClInclude>
    <ClInclude Include="kwCamera.h">
      <Filter>Engine\Camera</Filter>
    </ClInclude>
    <ClInclude Include="kwObject.h">
      <Filter>Engine\GameObject</Filter>
    </ClInclude>
    <ClInclude Include="kwAnimator.h">
      <Filter>Engine\Component\Anim</Filter>
    </ClInclude>
    <ClInclude Include="kwAnimation.h">
      <Filter>Engine\Component\Anim</Filter>
    </ClInclude>
    <ClInclude Include="kwTransform.h">
      <Filter>Engine\Component\Transform</Filter>
    </ClInclude>
    <ClInclude Include="kwSpriteRenderer.h">
      <Filter>Engine\Component\SpriteRenderer</Filter>
    </ClInclude>
    <ClInclude Include="kwCarnation.h">
      <Filter>Contents\Enemy</Filter>
    </ClInclude>
    <ClInclude Include="kwRigidbody.h">
      <Filter>Engine\Component\Rigidbody</Filter>
    </ClInclude>
    <ClInclude Include="kwToolScene.h">
      <Filter>Contents\Scene</Filter>
    </ClInclude>
    <ClInclude Include="kwGround.h">
      <Filter>Contents\Object</Filter>
    </ClInclude>
    <ClInclude Include="kwTile.h" />
  </ItemGroup>
  <ItemGroup>
    <ResourceCompile Include="Client.rc">
      <Filter>리소스 파일</Filter>
    </ResourceCompile>
  </ItemGroup>
  <ItemGroup>
    <Image Include="small.ico">
      <Filter>리소스 파일</Filter>
    </Image>
    <Image Include="Client.ico">
      <Filter>리소스 파일</Filter>
    </Image>
  </ItemGroup>
  <ItemGroup>
    <ClCompile Include="main.cpp">
      <Filter>main</Filter>
    </ClCompile>
    <ClCompile Include="kwGameObject.cpp">
      <Filter>Engine\GameObject</Filter>
    </ClCompile>
    <ClCompile Include="kwLayer.cpp">
      <Filter>Engine\Layer</Filter>
    </ClCompile>
    <ClCompile Include="kwSceneManager.cpp">
      <Filter>Engine\Scene</Filter>
    </ClCompile>
    <ClCompile Include="kwEntity.cpp">
      <Filter>Engine\Common</Filter>
    </ClCompile>
    <ClCompile Include="kwMath.cpp">
      <Filter>Engine\Common</Filter>
    </ClCompile>
    <ClCompile Include="kwCuphead.cpp">
      <Filter>Contents\Player</Filter>
    </ClCompile>
    <ClCompile Include="kwApplication.cpp">
      <Filter>Engine\HighLevelInterface</Filter>
    </ClCompile>
    <ClCompile Include="kwComponent.cpp">
      <Filter>Engine\Component</Filter>
    </ClCompile>
    <ClCompile Include="kwScene.cpp">
      <Filter>Engine\Scene</Filter>
    </ClCompile>
    <ClCompile Include="kwPlayScene.cpp">
      <Filter>Contents\Scene</Filter>
    </ClCompile>
    <ClCompile Include="kwInput.cpp">
      <Filter>Engine\Input</Filter>
    </ClCompile>
    <ClCompile Include="kwTime.cpp">
      <Filter>Engine\Time</Filter>
    </ClCompile>
    <ClCompile Include="kwResource.cpp">
      <Filter>Engine\Resource</Filter>
    </ClCompile>
    <ClCompile Include="kwResources.cpp">
      <Filter>Engine\Resource</Filter>
    </ClCompile>
    <ClCompile Include="kwTitleScene.cpp">
      <Filter>Contents\Scene</Filter>
    </ClCompile>
    <ClCompile Include="kwSlime.cpp">
      <Filter>Contents\Enemy</Filter>
    </ClCompile>
    <ClCompile Include="kwEndingScene.cpp">
      <Filter>Contents\Scene</Filter>
    </ClCompile>
    <ClCompile Include="kwImage.cpp">
      <Filter>Engine\Resource</Filter>
    </ClCompile>
    <ClCompile Include="kwCollider.cpp">
      <Filter>Engine\Component\Colider</Filter>
    </ClCompile>
    <ClCompile Include="kwCollisionManager.cpp">
      <Filter>Engine\Component\Colider</Filter>
    </ClCompile>
    <ClCompile Include="kwBaseBullet.cpp">
      <Filter>Contents\Bullet</Filter>
    </ClCompile>
    <ClCompile Include="kwTitleCharacter.cpp">
      <Filter>Contents\UI\Title\TitleCharacter</Filter>
    </ClCompile>
    <ClCompile Include="kwCamera.cpp">
      <Filter>Engine\Camera</Filter>
    </ClCompile>
    <ClCompile Include="kwAnimation.cpp">
      <Filter>Engine\Component\Anim</Filter>
    </ClCompile>
    <ClCompile Include="kwAnimator.cpp">
      <Filter>Engine\Component\Anim</Filter>
    </ClCompile>
    <ClCompile Include="kwTransform.cpp">
      <Filter>Engine\Component\Transform</Filter>
    </ClCompile>
    <ClCompile Include="kwSpriteRenderer.cpp">
      <Filter>Engine\Component\SpriteRenderer</Filter>
    </ClCompile>
    <ClCompile Include="kwCarnation.cpp">
      <Filter>Contents\Enemy</Filter>
    </ClCompile>
    <ClCompile Include="kwRigidbody.cpp">
      <Filter>Engine\Component\Rigidbody</Filter>
    </ClCompile>
    <ClCompile Include="kwToolScene.cpp">
      <Filter>Contents\Scene</Filter>
    </ClCompile>
    <ClCompile Include="kwGround.cpp">
      <Filter>Contents\Object</Filter>
    </ClCompile>
    <ClCompile Include="kwTile.cpp" />
  </ItemGroup>
</Project>